%{
  "certifi": {:hex, :certifi, "2.0.0", "a0c0e475107135f76b8c1d5bc7efb33cd3815cb3cf3dea7aefdd174dabead064", [], [], "hexpm"},
  "comeonin": {:hex, :comeonin, "3.2.0", "cb10995a22aed6812667efb3856f548818c85d85394d8132bc116fbd6995c1ef", [:make, :mix], [{:elixir_make, "~> 0.4", [hex: :elixir_make, repo: "hexpm", optional: false]}], "hexpm"},
  "connection": {:hex, :connection, "1.0.4", "a1cae72211f0eef17705aaededacac3eb30e6625b04a6117c1b2db6ace7d5976", [:mix], [], "hexpm"},
  "cowboy": {:git, "https://github.com/ninenines/cowboy.git", "d8cdd9bd15e76dca3014f6f76c0ab6666b1dbda3", [ref: "2.0.0-pre.7"]},
  "cowlib": {:git, "https://github.com/ninenines/cowlib.git", "bd37be4d3b065600c3b76b492535e76e5d413fc1", [ref: "master"]},
  "db_connection": {:hex, :db_connection, "1.1.2", "2865c2a4bae0714e2213a0ce60a1b12d76a6efba0c51fbda59c9ab8d1accc7a8", [:mix], [{:connection, "~> 1.0.2", [hex: :connection, repo: "hexpm", optional: false]}, {:poolboy, "~> 1.5", [hex: :poolboy, repo: "hexpm", optional: true]}, {:sbroker, "~> 1.0", [hex: :sbroker, repo: "hexpm", optional: true]}], "hexpm"},
  "decimal": {:hex, :decimal, "1.4.1", "ad9e501edf7322f122f7fc151cce7c2a0c9ada96f2b0155b8a09a795c2029770", [:mix], [], "hexpm"},
  "distillery": {:hex, :distillery, "1.5.2", "eec18b2d37b55b0bcb670cf2bcf64228ed38ce8b046bb30a9b636a6f5a4c0080", [], [], "hexpm"},
  "dynamic_ex": {:git, "https://github.com/ironbay/dynamic_ex.git", "095e1d1ca399ca7c3231fe852397cb76b84cf85b", []},
  "eleveldb": {:hex, :eleveldb, "2.2.20", "1fff63a5055bbf4bf821f797ef76065882b193f5e8095f95fcd9287187773b58", [:rebar3], [], "hexpm"},
  "elixir_make": {:hex, :elixir_make, "0.4.0", "992f38fabe705bb45821a728f20914c554b276838433349d4f2341f7a687cddf", [:mix], [], "hexpm"},
  "exeth": {:git, "https://github.com/ironbay/exeth.git", "e554faba9ed9b37184ab06e6a841eae5cc114dcb", []},
  "exleveldb": {:hex, :exleveldb, "0.11.1", "37c0414208a50d2419d8246305e6c4a33ed339c25c0bdfa27774795e1e089f7b", [:mix], [{:eleveldb, "~> 2.2.19", [hex: :eleveldb, repo: "hexpm", optional: false]}], "hexpm"},
  "fig": {:git, "https://github.com/ironbay/fig.git", "ffe8250a2e94f5ab0669e20bb4fe8ff987b67624", []},
  "gen_state_machine": {:hex, :gen_state_machine, "2.0.1", "85efd5a0376929c3a4246dd943e17564a2908c7ddd7acd242d84594e785d83f8", [:mix], [], "hexpm"},
  "hackney": {:hex, :hackney, "1.10.1", "c38d0ca52ea80254936a32c45bb7eb414e7a96a521b4ce76d00a69753b157f21", [], [{:certifi, "2.0.0", [hex: :certifi, repo: "hexpm", optional: false]}, {:idna, "5.1.0", [hex: :idna, repo: "hexpm", optional: false]}, {:metrics, "1.0.1", [hex: :metrics, repo: "hexpm", optional: false]}, {:mimerl, "1.0.2", [hex: :mimerl, repo: "hexpm", optional: false]}, {:ssl_verify_fun, "1.1.1", [hex: :ssl_verify_fun, repo: "hexpm", optional: false]}], "hexpm"},
  "hex2bin": {:hex, :hex2bin, "1.0.0", "aac26eab998ae80eacee1c7607c629ab503ebf77a62b9242bae2b94d47dcb71e", [], [], "hexpm"},
  "httpoison": {:hex, :httpoison, "0.13.0", "bfaf44d9f133a6599886720f3937a7699466d23bb0cd7a88b6ba011f53c6f562", [], [{:hackney, "~> 1.8", [hex: :hackney, repo: "hexpm", optional: false]}], "hexpm"},
  "idna": {:hex, :idna, "5.1.0", "d72b4effeb324ad5da3cab1767cb16b17939004e789d8c0ad5b70f3cea20c89a", [], [{:unicode_util_compat, "0.3.1", [hex: :unicode_util_compat, repo: "hexpm", optional: false]}], "hexpm"},
  "keccak": {:hex, :keccak, "2.0.0", "bb5a84544591d52eb5bf4d9edba767c5cfb6f8523ed70cc7a38082d53ca32be7", [], [{:hex2bin, "1.0.0", [hex: :hex2bin, repo: "hexpm", optional: false]}], "hexpm"},
  "kora": {:git, "https://github.com/ironbay/kora.git", "7af984b8d24dcf663da4381622e29638466bd416", []},
  "libcluster": {:hex, :libcluster, "2.2.3", "fdd7366532799b1a4d4a4cdd113c6d51a593783879a43f862ccfae92423f843f", [:mix], [{:poison, "~> 3.0", [hex: :poison, repo: "hexpm", optional: false]}], "hexpm"},
  "libring": {:hex, :libring, "1.2.1", "8e8a40a71df2f09819d5033781fff922299a2f5f15f1cd391c54938556a85e72", [:mix], [], "hexpm"},
  "metrics": {:hex, :metrics, "1.0.1", "25f094dea2cda98213cecc3aeff09e940299d950904393b2a29d191c346a8486", [], [], "hexpm"},
  "mimerl": {:hex, :mimerl, "1.0.2", "993f9b0e084083405ed8252b99460c4f0563e41729ab42d9074fd5e52439be88", [], [], "hexpm"},
  "poison": {:hex, :poison, "3.1.0", "d9eb636610e096f86f25d9a46f35a9facac35609a7591b3be3326e99a0484665", [:mix], [], "hexpm"},
  "poolboy": {:hex, :poolboy, "1.5.1", "6b46163901cfd0a1b43d692657ed9d7e599853b3b21b95ae5ae0a777cf9b6ca8", [:rebar], [], "hexpm"},
  "postgrex": {:hex, :postgrex, "0.13.3", "c277cfb2a9c5034d445a722494c13359e361d344ef6f25d604c2353185682bfc", [:mix], [{:connection, "~> 1.0", [hex: :connection, repo: "hexpm", optional: false]}, {:db_connection, "~> 1.1", [hex: :db_connection, repo: "hexpm", optional: false]}, {:decimal, "~> 1.0", [hex: :decimal, repo: "hexpm", optional: false]}], "hexpm"},
  "ranch": {:git, "https://github.com/ninenines/ranch", "40809cd2b257a8a53bcb5588ecaa88cc5381ff5c", [ref: "1.3.0"]},
  "sha3": {:hex, :sha3, "2.0.0", "fbe5db75a8389fdc810b682446c053b91e591d38d5422808f3a702ed2b270515", [], [{:hex2bin, "1.0.0", [hex: :hex2bin, repo: "hexpm", optional: false]}], "hexpm"},
  "ssl_verify_fun": {:hex, :ssl_verify_fun, "1.1.1", "28a4d65b7f59893bc2c7de786dec1e1555bd742d336043fe644ae956c3497fbe", [], [], "hexpm"},
  "swarm": {:hex, :swarm, "3.0.5", "c54ead44ca5f879959899f325f0e6b904e1a219faecb24ca4e55aad1fe38fecc", [:mix], [{:gen_state_machine, "~> 2.0", [hex: :gen_state_machine, repo: "hexpm", optional: false]}, {:libring, "~> 1.0", [hex: :libring, repo: "hexpm", optional: false]}], "hexpm"},
  "types": {:hex, :types, "0.1.6", "03bb7140016c896d3441a77cb0b7d6acaa583d6d6e9c4a3e1fd3c25123710290", [:rebar3], [], "hexpm"},
  "unicode_util_compat": {:hex, :unicode_util_compat, "0.3.1", "a1f612a7b512638634a603c8f401892afbf99b8ce93a45041f8aaca99cadb85e", [], [], "hexpm"},
}
